PODS:
  - adotech_puntopay (1.2.0):
    - Alamofire (= 4.8.2)
    - Flutter
    - Socket.IO-Client-Swift (= 15.2.0)
  - Alamofire (4.8.2)
  - Flutter (1.0.0)
  - Socket.IO-Client-Swift (15.2.0):
    - Starscream (~> 3.1)
  - Starscream (3.1.1)

DEPENDENCIES:
  - adotech_puntopay (from `.symlinks/plugins/adotech_puntopay/ios`)
  - Flutter (from `Flutter`)

SPEC REPOS:
  trunk:
    - Alamofire
    - Socket.IO-Client-Swift
    - Starscream

EXTERNAL SOURCES:
  adotech_puntopay:
    :path: ".symlinks/plugins/adotech_puntopay/ios"
  Flutter:
    :path: Flutter

SPEC CHECKSUMS:
  adotech_puntopay: c1fbfa9cae0248c4d70eb501a47271903a653f9e
  Alamofire: ae5c501addb7afdbb13687d7f2f722c78734c2d3
  Flutter: 50d75fe2f02b26cc09d224853bb45737f8b3214a
  Socket.IO-Client-Swift: 1e3e3a1f09f3312a167f0d781eb2f383d477357c
  Starscream: 4bb2f9942274833f7b4d296a55504dcfc7edb7b0

PODFILE CHECKSUM: aafe91acc616949ddb318b77800a7f51bffa2a4c

COCOAPODS: 1.11.2
